Microsoft Visual Studio Solution File, Format Version 12.00
# Visual Studio Version 17
VisualStudioVersion = 17.5.2.0
MinimumVisualStudioVersion = 10.0.40219.1
Project("{FAE04EC0-301F-11D3-BF4B-00C04F79EFBC}") = "dotnetFundamentals", "dotnetFundamentals\dotnetFundamentals.csproj", "{DAEC9E6E-C45B-BDFF-6886-09155E044D9F}"
EndProject
Global
	GlobalSection(SolutionConfigurationPlatforms) = preSolution
		Debug|Any CPU = Debug|Any CPU
		Release|Any CPU = Release|Any CPU
	EndGlobalSection
	GlobalSection(ProjectConfigurationPlatforms) = postSolution
		{DAEC9E6E-C45B-BDFF-6886-09155E044D9F}.Debug|Any CPU.ActiveCfg = Debug|Any CPU
		{DAEC9E6E-C45B-BDFF-6886-09155E044D9F}.Debug|Any CPU.Build.0 = Debug|Any CPU
		{DAEC9E6E-C45B-BDFF-6886-09155E044D9F}.Release|Any CPU.ActiveCfg = Release|Any CPU
		{DAEC9E6E-C45B-BDFF-6886-09155E044D9F}.Release|Any CPU.Build.0 = Release|Any CPU
	EndGlobalSection
	GlobalSection(SolutionProperties) = preSolution
		HideSolutionNode = FALSE
	EndGlobalSection
	GlobalSection(ExtensibilityGlobals) = postSolution
		SolutionGuid = {0A94A071-273F-4899-BF7A-18D269B1BFB8}
	EndGlobalSection
EndGlobal
